
Microsoft Visual Studio Solution File, Format Version 12.00
# Visual Studio Version 17
VisualStudioVersion = 17.4.33213.308
MinimumVisualStudioVersion = 10.0.40219.1
Project("{FAE04EC0-301F-11D3-BF4B-00C04F79EFBC}") = "Logica5", "Logica5\Logica5.csproj", "{5F49061C-42FA-40AC-97BE-34A239E7BC90}"
EndProject
Global
	GlobalSection(SolutionConfigurationPlatforms) = preSolution
		Debug|Any CPU = Debug|Any CPU
		Release|Any CPU = Release|Any CPU
	EndGlobalSection
	GlobalSection(ProjectConfigurationPlatforms) = postSolution
		{5F49061C-42FA-40AC-97BE-34A239E7BC90}.Debug|Any CPU.ActiveCfg = Debug|Any CPU
		{5F49061C-42FA-40AC-97BE-34A239E7BC90}.Debug|Any CPU.Build.0 = Debug|Any CPU
		{5F49061C-42FA-40AC-97BE-34A239E7BC90}.Release|Any CPU.ActiveCfg = Release|Any CPU
		{5F49061C-42FA-40AC-97BE-34A239E7BC90}.Release|Any CPU.Build.0 = Release|Any CPU
	EndGlobalSection
	GlobalSection(SolutionProperties) = preSolution
		HideSolutionNode = FALSE
	EndGlobalSection
	GlobalSection(ExtensibilityGlobals) = postSolution
		SolutionGuid = {6D744534-A818-49F5-98C2-2ABF83F5AEC6}
	EndGlobalSection
EndGlobal
