
Microsoft Visual Studio Solution File, Format Version 12.00
# Visual Studio Version 17
VisualStudioVersion = 17.4.33213.308
MinimumVisualStudioVersion = 10.0.40219.1
Project("{FAE04EC0-301F-11D3-BF4B-00C04F79EFBC}") = "Logica2", "Logica2\Logica2.csproj", "{08B01E6F-6F81-4112-B58C-ED2DFA702D34}"
EndProject
Global
	GlobalSection(SolutionConfigurationPlatforms) = preSolution
		Debug|Any CPU = Debug|Any CPU
		Release|Any CPU = Release|Any CPU
	EndGlobalSection
	GlobalSection(ProjectConfigurationPlatforms) = postSolution
		{08B01E6F-6F81-4112-B58C-ED2DFA702D34}.Debug|Any CPU.ActiveCfg = Debug|Any CPU
		{08B01E6F-6F81-4112-B58C-ED2DFA702D34}.Debug|Any CPU.Build.0 = Debug|Any CPU
		{08B01E6F-6F81-4112-B58C-ED2DFA702D34}.Release|Any CPU.ActiveCfg = Release|Any CPU
		{08B01E6F-6F81-4112-B58C-ED2DFA702D34}.Release|Any CPU.Build.0 = Release|Any CPU
	EndGlobalSection
	GlobalSection(SolutionProperties) = preSolution
		HideSolutionNode = FALSE
	EndGlobalSection
	GlobalSection(ExtensibilityGlobals) = postSolution
		SolutionGuid = {343824D9-803F-445A-8CDC-962AC15A325A}
	EndGlobalSection
EndGlobal
