
Microsoft Visual Studio Solution File, Format Version 12.00
# Visual Studio Version 17
VisualStudioVersion = 17.4.33213.308
MinimumVisualStudioVersion = 10.0.40219.1
Project("{FAE04EC0-301F-11D3-BF4B-00C04F79EFBC}") = "Logica6", "Logica6\Logica6.csproj", "{C2E79DED-E49F-4221-8EF7-BC6948B97D7F}"
EndProject
Global
	GlobalSection(SolutionConfigurationPlatforms) = preSolution
		Debug|Any CPU = Debug|Any CPU
		Release|Any CPU = Release|Any CPU
	EndGlobalSection
	GlobalSection(ProjectConfigurationPlatforms) = postSolution
		{C2E79DED-E49F-4221-8EF7-BC6948B97D7F}.Debug|Any CPU.ActiveCfg = Debug|Any CPU
		{C2E79DED-E49F-4221-8EF7-BC6948B97D7F}.Debug|Any CPU.Build.0 = Debug|Any CPU
		{C2E79DED-E49F-4221-8EF7-BC6948B97D7F}.Release|Any CPU.ActiveCfg = Release|Any CPU
		{C2E79DED-E49F-4221-8EF7-BC6948B97D7F}.Release|Any CPU.Build.0 = Release|Any CPU
	EndGlobalSection
	GlobalSection(SolutionProperties) = preSolution
		HideSolutionNode = FALSE
	EndGlobalSection
	GlobalSection(ExtensibilityGlobals) = postSolution
		SolutionGuid = {1B8F5547-F3FA-4C20-9500-70FC5538B7D9}
	EndGlobalSection
EndGlobal
